
Microsoft Visual Studio Solution File, Format Version 12.00
# Visual Studio 2012
Project("{FAE04EC0-301F-11D3-BF4B-00C04F79EFBC}") = "UsabbbleTest", "UsabbbleTest\UsabbbleTest.csproj", "{AF2BA31B-AE70-4D56-94E2-1BF5F96DC03A}"
EndProject
Project("{FAE04EC0-301F-11D3-BF4B-00C04F79EFBC}") = "UsabbbleGallery.Data", "UsabbbleGallery.Data\UsabbbleGallery.Data.csproj", "{BD45C1B3-53AC-450F-AE54-7A14159773A7}"
EndProject
Global
	GlobalSection(SolutionConfigurationPlatforms) = preSolution
		Debug|Any CPU = Debug|Any CPU
		Release|Any CPU = Release|Any CPU
	EndGlobalSection
	GlobalSection(ProjectConfigurationPlatforms) = postSolution
		{AF2BA31B-AE70-4D56-94E2-1BF5F96DC03A}.Debug|Any CPU.ActiveCfg = Debug|Any CPU
		{AF2BA31B-AE70-4D56-94E2-1BF5F96DC03A}.Debug|Any CPU.Build.0 = Debug|Any CPU
		{AF2BA31B-AE70-4D56-94E2-1BF5F96DC03A}.Release|Any CPU.ActiveCfg = Release|Any CPU
		{AF2BA31B-AE70-4D56-94E2-1BF5F96DC03A}.Release|Any CPU.Build.0 = Release|Any CPU
		{BD45C1B3-53AC-450F-AE54-7A14159773A7}.Debug|Any CPU.ActiveCfg = Debug|Any CPU
		{BD45C1B3-53AC-450F-AE54-7A14159773A7}.Debug|Any CPU.Build.0 = Debug|Any CPU
		{BD45C1B3-53AC-450F-AE54-7A14159773A7}.Release|Any CPU.ActiveCfg = Release|Any CPU
		{BD45C1B3-53AC-450F-AE54-7A14159773A7}.Release|Any CPU.Build.0 = Release|Any CPU
	EndGlobalSection
EndGlobal
